
Microsoft Visual Studio Solution File, Format Version 12.00
# Visual Studio Version 17
VisualStudioVersion = 17.8.34322.80
MinimumVisualStudioVersion = 10.0.40219.1
Project("{FAE04EC0-301F-11D3-BF4B-00C04F79EFBC}") = "QuanLyThuVien_v2.0", "QuanLyThuVien_v2.0\QuanLyThuVien_v2.0.csproj", "{BF750D65-CD30-4AE2-A2E1-857F4470C9DB}"
EndProject
Global
	GlobalSection(SolutionConfigurationPlatforms) = preSolution
		Debug|Any CPU = Debug|Any CPU
		Release|Any CPU = Release|Any CPU
	EndGlobalSection
	GlobalSection(ProjectConfigurationPlatforms) = postSolution
		{BF750D65-CD30-4AE2-A2E1-857F4470C9DB}.Debug|Any CPU.ActiveCfg = Debug|Any CPU
		{BF750D65-CD30-4AE2-A2E1-857F4470C9DB}.Debug|Any CPU.Build.0 = Debug|Any CPU
		{BF750D65-CD30-4AE2-A2E1-857F4470C9DB}.Release|Any CPU.ActiveCfg = Release|Any CPU
		{BF750D65-CD30-4AE2-A2E1-857F4470C9DB}.Release|Any CPU.Build.0 = Release|Any CPU
	EndGlobalSection
	GlobalSection(SolutionProperties) = preSolution
		HideSolutionNode = FALSE
	EndGlobalSection
	GlobalSection(ExtensibilityGlobals) = postSolution
		SolutionGuid = {A199C5ED-379B-4429-B257-06A30F0F9D1A}
	EndGlobalSection
EndGlobal
